
Microsoft Visual Studio Solution File, Format Version 12.00
# Visual Studio Version 17
VisualStudioVersion = 17.13.35806.99 d17.13
MinimumVisualStudioVersion = 10.0.40219.1
Project("{FAE04EC0-301F-11D3-BF4B-00C04F79EFBC}") = "AcunMedyaErisimB", "ErisimBelirleyiciler\AcunMedyaErisimB.csproj", "{52738C5A-7594-4F1D-9FC5-F3996F1B095A}"
EndProject
Global
	GlobalSection(SolutionConfigurationPlatforms) = preSolution
		Debug|Any CPU = Debug|Any CPU
		Release|Any CPU = Release|Any CPU
	EndGlobalSection
	GlobalSection(ProjectConfigurationPlatforms) = postSolution
		{52738C5A-7594-4F1D-9FC5-F3996F1B095A}.Debug|Any CPU.ActiveCfg = Debug|Any CPU
		{52738C5A-7594-4F1D-9FC5-F3996F1B095A}.Debug|Any CPU.Build.0 = Debug|Any CPU
		{52738C5A-7594-4F1D-9FC5-F3996F1B095A}.Release|Any CPU.ActiveCfg = Release|Any CPU
		{52738C5A-7594-4F1D-9FC5-F3996F1B095A}.Release|Any CPU.Build.0 = Release|Any CPU
	EndGlobalSection
	GlobalSection(SolutionProperties) = preSolution
		HideSolutionNode = FALSE
	EndGlobalSection
	GlobalSection(ExtensibilityGlobals) = postSolution
		SolutionGuid = {E4D42B43-077F-4F46-8F65-490BF5CFF6CE}
	EndGlobalSection
EndGlobal
